PODS:
  - Agora_Chat_iOS (1.2.0)
  - AgoraComponetLog (0.0.1)
  - AgoraLyricsScore (1.1.6):
    - AgoraComponetLog
    - Zip
  - AgoraRtcEngine_Special_iOS (4.1.1.29)
  - AgoraRtm_iOS (2.1.8)
  - Alamofire (5.9.1)
  - AScenesKit (0.5.3):
    - AUIKitCore (= 1.1.1)
    - libpag
  - AUIKitCore (1.1.1):
    - AUIKitCore/All (= 1.1.1)
  - AUIKitCore/All (1.1.1):
    - Agora_Chat_iOS
    - AgoraLyricsScore
    - AgoraRtcEngine_Special_iOS (< 4.1.1.100, > 4.1.1.19)
    - AgoraRtm_iOS (= 2.1.8)
    - Alamofire
    - MJRefresh
    - ScoreEffectUI
    - SDWebImage (~> 5.0.0)
    - SwiftTheme
    - SwiftyBeaver (~> 1.9.5)
    - YYModel
    - Zip
  - libpag (4.3.51)
  - MJRefresh (3.7.9)
  - ScoreEffectUI (1.0.2)
  - SDWebImage (5.0.6):
    - SDWebImage/Core (= 5.0.6)
  - SDWebImage/Core (5.0.6)
  - SwiftTheme (0.6.4)
  - SwiftyBeaver (1.9.5)
  - YYModel (1.0.4)
  - Zip (2.1.2)

DEPENDENCIES:
  - AgoraRtcEngine_Special_iOS (= 4.1.1.29)
  - AScenesKit (from `./AScenesKit`)

SPEC REPOS:
  https://github.com/CocoaPods/Specs.git:
    - Agora_Chat_iOS
    - AgoraComponetLog
    - AgoraLyricsScore
    - AgoraRtcEngine_Special_iOS
    - AgoraRtm_iOS
    - Alamofire
    - AUIKitCore
    - libpag
    - MJRefresh
    - ScoreEffectUI
    - SDWebImage
    - SwiftTheme
    - SwiftyBeaver
    - YYModel
    - Zip

EXTERNAL SOURCES:
  AScenesKit:
    :path: "./AScenesKit"

SPEC CHECKSUMS:
  Agora_Chat_iOS: e11aa75b290e5e8a6b90c1c73642ac1172a71b97
  AgoraComponetLog: c52aec8db3ea38c5693fd4f1beee05ba7715e68b
  AgoraLyricsScore: 7576387b199cdc3b2752a113688abd0a807a2ca3
  AgoraRtcEngine_Special_iOS: a8d0405efb20323b93ce77ae3d0573ea80837c31
  AgoraRtm_iOS: 9fb76b5f71900d012aaed6c033e235d6fd201ed9
  Alamofire: f36a35757af4587d8e4f4bfa223ad10be2422b8c
  AScenesKit: 53c3c08026a328626aab9df71c504e983743d627
  AUIKitCore: 3d08c145befed42dd5b28e543f7c073d09fded32
  libpag: 2fe2ef9fa253491ded0cd8fc61b54eb702701a56
  MJRefresh: ff9e531227924c84ce459338414550a05d2aea78
  ScoreEffectUI: bf1195b4d41a73d43c236450b5d7f958989844aa
  SDWebImage: 920f1a2ff1ca8296ad34f6e0510a1ef1d70ac965
  SwiftTheme: 007cbaf1f9e171caf6448a4657533e54c682b285
  SwiftyBeaver: 84069991dd5dca07d7069100985badaca7f0ce82
  YYModel: 2a7fdd96aaa4b86a824e26d0c517de8928c04b30
  Zip: b3fef584b147b6e582b2256a9815c897d60ddc67

PODFILE CHECKSUM: 922d118ad1359b4d54b7654493da0d88f3f9cdb7

COCOAPODS: 1.15.2
